
Microsoft Visual Studio Solution File, Format Version 12.00
# Visual Studio 15
VisualStudioVersion = 15.0.27703.2000
MinimumVisualStudioVersion = 10.0.40219.1
Project("{8BC9CEB8-8B4A-11D0-8D11-00A0C91BC942}") = "Lab_2.1_1", "Lab_2.1_1\Lab_2.1_1.vcxproj", "{E858F1BD-B52A-486A-A788-D08E7006EA63}"
EndProject
Global
	GlobalSection(SolutionConfigurationPlatforms) = preSolution
		Debug|x64 = Debug|x64
		Debug|x86 = Debug|x86
		Release|x64 = Release|x64
		Release|x86 = Release|x86
	EndGlobalSection
	GlobalSection(ProjectConfigurationPlatforms) = postSolution
		{E858F1BD-B52A-486A-A788-D08E7006EA63}.Debug|x64.ActiveCfg = Debug|x64
		{E858F1BD-B52A-486A-A788-D08E7006EA63}.Debug|x64.Build.0 = Debug|x64
		{E858F1BD-B52A-486A-A788-D08E7006EA63}.Debug|x86.ActiveCfg = Debug|Win32
		{E858F1BD-B52A-486A-A788-D08E7006EA63}.Debug|x86.Build.0 = Debug|Win32
		{E858F1BD-B52A-486A-A788-D08E7006EA63}.Release|x64.ActiveCfg = Release|x64
		{E858F1BD-B52A-486A-A788-D08E7006EA63}.Release|x64.Build.0 = Release|x64
		{E858F1BD-B52A-486A-A788-D08E7006EA63}.Release|x86.ActiveCfg = Release|Win32
		{E858F1BD-B52A-486A-A788-D08E7006EA63}.Release|x86.Build.0 = Release|Win32
	EndGlobalSection
	GlobalSection(SolutionProperties) = preSolution
		HideSolutionNode = FALSE
	EndGlobalSection
	GlobalSection(ExtensibilityGlobals) = postSolution
		SolutionGuid = {3ACBC8A4-8A68-41A8-A2C1-EE3E896D052F}
	EndGlobalSection
EndGlobal
